
Microsoft Visual Studio Solution File, Format Version 12.00
# Visual Studio Version 16
VisualStudioVersion = 16.0.30907.101
MinimumVisualStudioVersion = 10.0.40219.1
Project("{FAE04EC0-301F-11D3-BF4B-00C04F79EFBC}") = "Musteri", "Musteri\Musteri.csproj", "{C0E3AD30-8736-44A4-A098-68674FF30C56}"
EndProject
Global
	GlobalSection(SolutionConfigurationPlatforms) = preSolution
		Debug|Any CPU = Debug|Any CPU
		Release|Any CPU = Release|Any CPU
	EndGlobalSection
	GlobalSection(ProjectConfigurationPlatforms) = postSolution
		{C0E3AD30-8736-44A4-A098-68674FF30C56}.Debug|Any CPU.ActiveCfg = Debug|Any CPU
		{C0E3AD30-8736-44A4-A098-68674FF30C56}.Debug|Any CPU.Build.0 = Debug|Any CPU
		{C0E3AD30-8736-44A4-A098-68674FF30C56}.Release|Any CPU.ActiveCfg = Release|Any CPU
		{C0E3AD30-8736-44A4-A098-68674FF30C56}.Release|Any CPU.Build.0 = Release|Any CPU
	EndGlobalSection
	GlobalSection(SolutionProperties) = preSolution
		HideSolutionNode = FALSE
	EndGlobalSection
	GlobalSection(ExtensibilityGlobals) = postSolution
		SolutionGuid = {53F9CFC5-1BB6-4135-A484-EA3F295EC4BD}
	EndGlobalSection
EndGlobal
